
Microsoft Visual Studio Solution File, Format Version 12.00
# Visual Studio Version 17
VisualStudioVersion = 17.6.33723.286
MinimumVisualStudioVersion = 10.0.40219.1
Project("{FAE04EC0-301F-11D3-BF4B-00C04F79EFBC}") = "RPTS sistema", "RPTS sistema.csproj", "{50EBDF16-A34D-4E0D-A052-CC9A8AC38933}"
EndProject
Global
	GlobalSection(SolutionConfigurationPlatforms) = preSolution
		Debug|Any CPU = Debug|Any CPU
		Release|Any CPU = Release|Any CPU
	EndGlobalSection
	GlobalSection(ProjectConfigurationPlatforms) = postSolution
		{50EBDF16-A34D-4E0D-A052-CC9A8AC38933}.Debug|Any CPU.ActiveCfg = Debug|Any CPU
		{50EBDF16-A34D-4E0D-A052-CC9A8AC38933}.Debug|Any CPU.Build.0 = Debug|Any CPU
		{50EBDF16-A34D-4E0D-A052-CC9A8AC38933}.Release|Any CPU.ActiveCfg = Release|Any CPU
		{50EBDF16-A34D-4E0D-A052-CC9A8AC38933}.Release|Any CPU.Build.0 = Release|Any CPU
	EndGlobalSection
	GlobalSection(SolutionProperties) = preSolution
		HideSolutionNode = FALSE
	EndGlobalSection
	GlobalSection(ExtensibilityGlobals) = postSolution
		SolutionGuid = {A71B4192-B552-4FCA-A717-1F56F2D65568}
	EndGlobalSection
EndGlobal
