
Microsoft Visual Studio Solution File, Format Version 12.00
# Visual Studio Version 17
VisualStudioVersion = 17.2.32526.322
MinimumVisualStudioVersion = 10.0.40219.1
Project("{FAE04EC0-301F-11D3-BF4B-00C04F79EFBC}") = "P_02_Rest_Endpoints", "P_02_Rest_Endpoints.csproj", "{179D6864-C58B-42AF-8FF9-81F83374D192}"
EndProject
Global
	GlobalSection(SolutionConfigurationPlatforms) = preSolution
		Debug|Any CPU = Debug|Any CPU
		Release|Any CPU = Release|Any CPU
	EndGlobalSection
	GlobalSection(ProjectConfigurationPlatforms) = postSolution
		{179D6864-C58B-42AF-8FF9-81F83374D192}.Debug|Any CPU.ActiveCfg = Debug|Any CPU
		{179D6864-C58B-42AF-8FF9-81F83374D192}.Debug|Any CPU.Build.0 = Debug|Any CPU
		{179D6864-C58B-42AF-8FF9-81F83374D192}.Release|Any CPU.ActiveCfg = Release|Any CPU
		{179D6864-C58B-42AF-8FF9-81F83374D192}.Release|Any CPU.Build.0 = Release|Any CPU
	EndGlobalSection
	GlobalSection(SolutionProperties) = preSolution
		HideSolutionNode = FALSE
	EndGlobalSection
	GlobalSection(ExtensibilityGlobals) = postSolution
		SolutionGuid = {3059B983-0338-4473-A903-52B93F261F04}
	EndGlobalSection
EndGlobal
