
Microsoft Visual Studio Solution File, Format Version 12.00
# Visual Studio Version 17
VisualStudioVersion = 17.2.32526.322
MinimumVisualStudioVersion = 10.0.40219.1
Project("{FAE04EC0-301F-11D3-BF4B-00C04F79EFBC}") = "Muzikos_Parduotuve", "Muzikos_Parduotuve.csproj", "{40B84E17-C6FE-4F74-989E-C0484C291A15}"
EndProject
Project("{FAE04EC0-301F-11D3-BF4B-00C04F79EFBC}") = "Muzikos_Parduotuve.Infrastructure", "..\P060_Muzikos_Parduotuve.Infrastructure\Muzikos_Parduotuve.Infrastructure.csproj", "{F554FE94-5B31-4342-8676-843E283AD136}"
EndProject
Project("{FAE04EC0-301F-11D3-BF4B-00C04F79EFBC}") = "Muzikos_Parduotuve.Domain", "..\Muzikos_Parduotuve.Domain\Muzikos_Parduotuve.Domain.csproj", "{A124F3E8-8E51-4A6D-91BF-BF931FDFCA44}"
EndProject
Global
	GlobalSection(SolutionConfigurationPlatforms) = preSolution
		Debug|Any CPU = Debug|Any CPU
		Release|Any CPU = Release|Any CPU
	EndGlobalSection
	GlobalSection(ProjectConfigurationPlatforms) = postSolution
		{40B84E17-C6FE-4F74-989E-C0484C291A15}.Debug|Any CPU.ActiveCfg = Debug|Any CPU
		{40B84E17-C6FE-4F74-989E-C0484C291A15}.Debug|Any CPU.Build.0 = Debug|Any CPU
		{40B84E17-C6FE-4F74-989E-C0484C291A15}.Release|Any CPU.ActiveCfg = Release|Any CPU
		{40B84E17-C6FE-4F74-989E-C0484C291A15}.Release|Any CPU.Build.0 = Release|Any CPU
		{F554FE94-5B31-4342-8676-843E283AD136}.Debug|Any CPU.ActiveCfg = Debug|Any CPU
		{F554FE94-5B31-4342-8676-843E283AD136}.Debug|Any CPU.Build.0 = Debug|Any CPU
		{F554FE94-5B31-4342-8676-843E283AD136}.Release|Any CPU.ActiveCfg = Release|Any CPU
		{F554FE94-5B31-4342-8676-843E283AD136}.Release|Any CPU.Build.0 = Release|Any CPU
		{A124F3E8-8E51-4A6D-91BF-BF931FDFCA44}.Debug|Any CPU.ActiveCfg = Debug|Any CPU
		{A124F3E8-8E51-4A6D-91BF-BF931FDFCA44}.Debug|Any CPU.Build.0 = Debug|Any CPU
		{A124F3E8-8E51-4A6D-91BF-BF931FDFCA44}.Release|Any CPU.ActiveCfg = Release|Any CPU
		{A124F3E8-8E51-4A6D-91BF-BF931FDFCA44}.Release|Any CPU.Build.0 = Release|Any CPU
	EndGlobalSection
	GlobalSection(SolutionProperties) = preSolution
		HideSolutionNode = FALSE
	EndGlobalSection
	GlobalSection(ExtensibilityGlobals) = postSolution
		SolutionGuid = {B682EC2C-22A0-472A-A7AF-45CFA3BB70DF}
	EndGlobalSection
EndGlobal
