
Microsoft Visual Studio Solution File, Format Version 12.00
# Visual Studio Version 17
VisualStudioVersion = 17.2.32526.322
MinimumVisualStudioVersion = 10.0.40219.1
Project("{FAE04EC0-301F-11D3-BF4B-00C04F79EFBC}") = "Git Example Project", "Git Example Project.csproj", "{B615DE92-82C4-4EB0-A7E4-1427098E7B6C}"
EndProject
Global
	GlobalSection(SolutionConfigurationPlatforms) = preSolution
		Debug|Any CPU = Debug|Any CPU
		Release|Any CPU = Release|Any CPU
	EndGlobalSection
	GlobalSection(ProjectConfigurationPlatforms) = postSolution
		{B615DE92-82C4-4EB0-A7E4-1427098E7B6C}.Debug|Any CPU.ActiveCfg = Debug|Any CPU
		{B615DE92-82C4-4EB0-A7E4-1427098E7B6C}.Debug|Any CPU.Build.0 = Debug|Any CPU
		{B615DE92-82C4-4EB0-A7E4-1427098E7B6C}.Release|Any CPU.ActiveCfg = Release|Any CPU
		{B615DE92-82C4-4EB0-A7E4-1427098E7B6C}.Release|Any CPU.Build.0 = Release|Any CPU
	EndGlobalSection
	GlobalSection(SolutionProperties) = preSolution
		HideSolutionNode = FALSE
	EndGlobalSection
	GlobalSection(ExtensibilityGlobals) = postSolution
		SolutionGuid = {FB7628C0-1202-4989-8683-BD4C92B31A3B}
	EndGlobalSection
EndGlobal
