
Microsoft Visual Studio Solution File, Format Version 12.00
# Visual Studio Version 17
VisualStudioVersion = 17.2.32526.322
MinimumVisualStudioVersion = 10.0.40219.1
Project("{FAE04EC0-301F-11D3-BF4B-00C04F79EFBC}") = "P_042 Abstract", "P_042 Abstract\P_042 Abstract.csproj", "{C93C9565-1A2D-4B11-934B-9E9EC1FA478F}"
EndProject
Project("{FAE04EC0-301F-11D3-BF4B-00C04F79EFBC}") = "Prakika", "Prakika\Prakika.csproj", "{FC1647BB-FE07-408C-8FA5-99AEAEE6694B}"
EndProject
Global
	GlobalSection(SolutionConfigurationPlatforms) = preSolution
		Debug|Any CPU = Debug|Any CPU
		Release|Any CPU = Release|Any CPU
	EndGlobalSection
	GlobalSection(ProjectConfigurationPlatforms) = postSolution
		{C93C9565-1A2D-4B11-934B-9E9EC1FA478F}.Debug|Any CPU.ActiveCfg = Debug|Any CPU
		{C93C9565-1A2D-4B11-934B-9E9EC1FA478F}.Debug|Any CPU.Build.0 = Debug|Any CPU
		{C93C9565-1A2D-4B11-934B-9E9EC1FA478F}.Release|Any CPU.ActiveCfg = Release|Any CPU
		{C93C9565-1A2D-4B11-934B-9E9EC1FA478F}.Release|Any CPU.Build.0 = Release|Any CPU
		{FC1647BB-FE07-408C-8FA5-99AEAEE6694B}.Debug|Any CPU.ActiveCfg = Debug|Any CPU
		{FC1647BB-FE07-408C-8FA5-99AEAEE6694B}.Debug|Any CPU.Build.0 = Debug|Any CPU
		{FC1647BB-FE07-408C-8FA5-99AEAEE6694B}.Release|Any CPU.ActiveCfg = Release|Any CPU
		{FC1647BB-FE07-408C-8FA5-99AEAEE6694B}.Release|Any CPU.Build.0 = Release|Any CPU
	EndGlobalSection
	GlobalSection(SolutionProperties) = preSolution
		HideSolutionNode = FALSE
	EndGlobalSection
	GlobalSection(ExtensibilityGlobals) = postSolution
		SolutionGuid = {E245261D-96D6-4B0E-BD58-A3AB70EBEF22}
	EndGlobalSection
EndGlobal
