
Microsoft Visual Studio Solution File, Format Version 12.00
# Visual Studio Version 17
VisualStudioVersion = 17.2.32526.322
MinimumVisualStudioVersion = 10.0.40219.1
Project("{9A19103F-16F7-4668-BE54-9A1E7A4F7556}") = "P_0038_Praktika", "P_0038_Praktika\P_0038_Praktika.csproj", "{573E8390-0D0C-435C-BB49-DB22A13397F1}"
EndProject
Project("{FAE04EC0-301F-11D3-BF4B-00C04F79EFBC}") = "P_0038_PraktikaTests", "P_0038_PraktikaTests\P_0038_PraktikaTests.csproj", "{EFC94CFE-A22B-499C-9E4C-2B7ED4396B38}"
EndProject
Project("{FAE04EC0-301F-11D3-BF4B-00C04F79EFBC}") = "P_038 Inheritance", "P_038 Inheritance\P_038 Inheritance.csproj", "{B704D80C-2A3B-4C9A-A56D-AABEBF7744EB}"
EndProject
Global
	GlobalSection(SolutionConfigurationPlatforms) = preSolution
		Debug|Any CPU = Debug|Any CPU
		Release|Any CPU = Release|Any CPU
	EndGlobalSection
	GlobalSection(ProjectConfigurationPlatforms) = postSolution
		{573E8390-0D0C-435C-BB49-DB22A13397F1}.Debug|Any CPU.ActiveCfg = Debug|Any CPU
		{573E8390-0D0C-435C-BB49-DB22A13397F1}.Debug|Any CPU.Build.0 = Debug|Any CPU
		{573E8390-0D0C-435C-BB49-DB22A13397F1}.Release|Any CPU.ActiveCfg = Release|Any CPU
		{573E8390-0D0C-435C-BB49-DB22A13397F1}.Release|Any CPU.Build.0 = Release|Any CPU
		{EFC94CFE-A22B-499C-9E4C-2B7ED4396B38}.Debug|Any CPU.ActiveCfg = Debug|Any CPU
		{EFC94CFE-A22B-499C-9E4C-2B7ED4396B38}.Debug|Any CPU.Build.0 = Debug|Any CPU
		{EFC94CFE-A22B-499C-9E4C-2B7ED4396B38}.Release|Any CPU.ActiveCfg = Release|Any CPU
		{EFC94CFE-A22B-499C-9E4C-2B7ED4396B38}.Release|Any CPU.Build.0 = Release|Any CPU
		{B704D80C-2A3B-4C9A-A56D-AABEBF7744EB}.Debug|Any CPU.ActiveCfg = Debug|Any CPU
		{B704D80C-2A3B-4C9A-A56D-AABEBF7744EB}.Debug|Any CPU.Build.0 = Debug|Any CPU
		{B704D80C-2A3B-4C9A-A56D-AABEBF7744EB}.Release|Any CPU.ActiveCfg = Release|Any CPU
		{B704D80C-2A3B-4C9A-A56D-AABEBF7744EB}.Release|Any CPU.Build.0 = Release|Any CPU
	EndGlobalSection
	GlobalSection(SolutionProperties) = preSolution
		HideSolutionNode = FALSE
	EndGlobalSection
	GlobalSection(ExtensibilityGlobals) = postSolution
		SolutionGuid = {E13D4B45-8126-43F8-9BA5-BD440F5D2DDB}
	EndGlobalSection
EndGlobal
