
Microsoft Visual Studio Solution File, Format Version 12.00
# Visual Studio Version 17
VisualStudioVersion = 17.2.32526.322
MinimumVisualStudioVersion = 10.0.40219.1
Project("{FAE04EC0-301F-11D3-BF4B-00C04F79EFBC}") = "ConsoleApp1", "ConsoleApp1.csproj", "{CE5D5850-C31B-4B14-AFAD-A6567AA10CB5}"
EndProject
Global
	GlobalSection(SolutionConfigurationPlatforms) = preSolution
		Debug|Any CPU = Debug|Any CPU
		Release|Any CPU = Release|Any CPU
	EndGlobalSection
	GlobalSection(ProjectConfigurationPlatforms) = postSolution
		{CE5D5850-C31B-4B14-AFAD-A6567AA10CB5}.Debug|Any CPU.ActiveCfg = Debug|Any CPU
		{CE5D5850-C31B-4B14-AFAD-A6567AA10CB5}.Debug|Any CPU.Build.0 = Debug|Any CPU
		{CE5D5850-C31B-4B14-AFAD-A6567AA10CB5}.Release|Any CPU.ActiveCfg = Release|Any CPU
		{CE5D5850-C31B-4B14-AFAD-A6567AA10CB5}.Release|Any CPU.Build.0 = Release|Any CPU
	EndGlobalSection
	GlobalSection(SolutionProperties) = preSolution
		HideSolutionNode = FALSE
	EndGlobalSection
	GlobalSection(ExtensibilityGlobals) = postSolution
		SolutionGuid = {EC88D3D5-DC52-4E24-AC2A-4FE93A670587}
	EndGlobalSection
EndGlobal
