
Microsoft Visual Studio Solution File, Format Version 12.00
# Visual Studio Version 17
VisualStudioVersion = 17.2.32526.322
MinimumVisualStudioVersion = 10.0.40219.1
Project("{FAE04EC0-301F-11D3-BF4B-00C04F79EFBC}") = "P059_MongoDb", "P059_MongoDb.csproj", "{433AA06B-3D09-41F2-BE80-619C8184F176}"
EndProject
Global
	GlobalSection(SolutionConfigurationPlatforms) = preSolution
		Debug|Any CPU = Debug|Any CPU
		Release|Any CPU = Release|Any CPU
	EndGlobalSection
	GlobalSection(ProjectConfigurationPlatforms) = postSolution
		{433AA06B-3D09-41F2-BE80-619C8184F176}.Debug|Any CPU.ActiveCfg = Debug|Any CPU
		{433AA06B-3D09-41F2-BE80-619C8184F176}.Debug|Any CPU.Build.0 = Debug|Any CPU
		{433AA06B-3D09-41F2-BE80-619C8184F176}.Release|Any CPU.ActiveCfg = Release|Any CPU
		{433AA06B-3D09-41F2-BE80-619C8184F176}.Release|Any CPU.Build.0 = Release|Any CPU
	EndGlobalSection
	GlobalSection(SolutionProperties) = preSolution
		HideSolutionNode = FALSE
	EndGlobalSection
	GlobalSection(ExtensibilityGlobals) = postSolution
		SolutionGuid = {2B8BD136-4CD1-4765-916D-BA068B45C600}
	EndGlobalSection
EndGlobal
