
Microsoft Visual Studio Solution File, Format Version 12.00
# Visual Studio Version 17
VisualStudioVersion = 17.2.32526.322
MinimumVisualStudioVersion = 10.0.40219.1
Project("{9A19103F-16F7-4668-BE54-9A1E7A4F7556}") = "P_044 Generic", "P_044 Generic\P_044 Generic.csproj", "{C4B4B91E-361E-45F5-92B3-8D5EEC7AB2EA}"
EndProject
Project("{9A19103F-16F7-4668-BE54-9A1E7A4F7556}") = "Models", "Models\Models.csproj", "{1EA4CFAB-F145-4CD1-B4EC-3E496A01248E}"
EndProject
Project("{9A19103F-16F7-4668-BE54-9A1E7A4F7556}") = "P_044 Generic_Tests", "P_044 Generic_Tests\P_044 Generic_Tests.csproj", "{79E2D16D-B1CB-43DE-8359-9372F98CCABC}"
EndProject
Project("{2150E333-8FDC-42A3-9474-1A3956D46DE8}") = "initialData", "initialData", "{50D00D74-C481-405C-8A9C-DED621E9E935}"
EndProject
Global
	GlobalSection(SolutionConfigurationPlatforms) = preSolution
		Debug|Any CPU = Debug|Any CPU
		Release|Any CPU = Release|Any CPU
	EndGlobalSection
	GlobalSection(ProjectConfigurationPlatforms) = postSolution
		{C4B4B91E-361E-45F5-92B3-8D5EEC7AB2EA}.Debug|Any CPU.ActiveCfg = Debug|Any CPU
		{C4B4B91E-361E-45F5-92B3-8D5EEC7AB2EA}.Debug|Any CPU.Build.0 = Debug|Any CPU
		{C4B4B91E-361E-45F5-92B3-8D5EEC7AB2EA}.Release|Any CPU.ActiveCfg = Release|Any CPU
		{C4B4B91E-361E-45F5-92B3-8D5EEC7AB2EA}.Release|Any CPU.Build.0 = Release|Any CPU
		{1EA4CFAB-F145-4CD1-B4EC-3E496A01248E}.Debug|Any CPU.ActiveCfg = Debug|Any CPU
		{1EA4CFAB-F145-4CD1-B4EC-3E496A01248E}.Debug|Any CPU.Build.0 = Debug|Any CPU
		{1EA4CFAB-F145-4CD1-B4EC-3E496A01248E}.Release|Any CPU.ActiveCfg = Release|Any CPU
		{1EA4CFAB-F145-4CD1-B4EC-3E496A01248E}.Release|Any CPU.Build.0 = Release|Any CPU
		{79E2D16D-B1CB-43DE-8359-9372F98CCABC}.Debug|Any CPU.ActiveCfg = Debug|Any CPU
		{79E2D16D-B1CB-43DE-8359-9372F98CCABC}.Debug|Any CPU.Build.0 = Debug|Any CPU
		{79E2D16D-B1CB-43DE-8359-9372F98CCABC}.Release|Any CPU.ActiveCfg = Release|Any CPU
		{79E2D16D-B1CB-43DE-8359-9372F98CCABC}.Release|Any CPU.Build.0 = Release|Any CPU
	EndGlobalSection
	GlobalSection(SolutionProperties) = preSolution
		HideSolutionNode = FALSE
	EndGlobalSection
	GlobalSection(ExtensibilityGlobals) = postSolution
		SolutionGuid = {97A06AFB-2E88-486B-A6C1-D85D1DC5C438}
	EndGlobalSection
EndGlobal
