
Microsoft Visual Studio Solution File, Format Version 12.00
# Visual Studio Version 17
VisualStudioVersion = 17.2.32526.322
MinimumVisualStudioVersion = 10.0.40219.1
Project("{FAE04EC0-301F-11D3-BF4B-00C04F79EFBC}") = "P_044 Estensions", "P_044 Estensions\P_044 Estensions.csproj", "{248AF37A-72AA-4207-A2D8-448754F54E0A}"
EndProject
Global
	GlobalSection(SolutionConfigurationPlatforms) = preSolution
		Debug|Any CPU = Debug|Any CPU
		Release|Any CPU = Release|Any CPU
	EndGlobalSection
	GlobalSection(ProjectConfigurationPlatforms) = postSolution
		{248AF37A-72AA-4207-A2D8-448754F54E0A}.Debug|Any CPU.ActiveCfg = Debug|Any CPU
		{248AF37A-72AA-4207-A2D8-448754F54E0A}.Debug|Any CPU.Build.0 = Debug|Any CPU
		{248AF37A-72AA-4207-A2D8-448754F54E0A}.Release|Any CPU.ActiveCfg = Release|Any CPU
		{248AF37A-72AA-4207-A2D8-448754F54E0A}.Release|Any CPU.Build.0 = Release|Any CPU
	EndGlobalSection
	GlobalSection(SolutionProperties) = preSolution
		HideSolutionNode = FALSE
	EndGlobalSection
	GlobalSection(ExtensibilityGlobals) = postSolution
		SolutionGuid = {B9FAE37B-1665-49A0-B1C7-C999528C1132}
	EndGlobalSection
EndGlobal
