
Microsoft Visual Studio Solution File, Format Version 12.00
# Visual Studio Version 17
VisualStudioVersion = 17.2.32526.322
MinimumVisualStudioVersion = 10.0.40219.1
Project("{9A19103F-16F7-4668-BE54-9A1E7A4F7556}") = "P04_EF_Applying_To_API", "P04_EF_Applying_To_API.csproj", "{D3F46469-B58B-4276-A084-DF1274B53B7D}"
EndProject
Project("{FAE04EC0-301F-11D3-BF4B-00C04F79EFBC}") = "P04_EF_Applying_To_APITests", "..\P04_EF_Applying_To_APITests\P04_EF_Applying_To_APITests.csproj", "{ACC9731F-8CB9-4562-B1D7-351A8B1EA5CC}"
EndProject
Global
	GlobalSection(SolutionConfigurationPlatforms) = preSolution
		Debug|Any CPU = Debug|Any CPU
		Release|Any CPU = Release|Any CPU
	EndGlobalSection
	GlobalSection(ProjectConfigurationPlatforms) = postSolution
		{D3F46469-B58B-4276-A084-DF1274B53B7D}.Debug|Any CPU.ActiveCfg = Debug|Any CPU
		{D3F46469-B58B-4276-A084-DF1274B53B7D}.Debug|Any CPU.Build.0 = Debug|Any CPU
		{D3F46469-B58B-4276-A084-DF1274B53B7D}.Release|Any CPU.ActiveCfg = Release|Any CPU
		{D3F46469-B58B-4276-A084-DF1274B53B7D}.Release|Any CPU.Build.0 = Release|Any CPU
		{ACC9731F-8CB9-4562-B1D7-351A8B1EA5CC}.Debug|Any CPU.ActiveCfg = Debug|Any CPU
		{ACC9731F-8CB9-4562-B1D7-351A8B1EA5CC}.Debug|Any CPU.Build.0 = Debug|Any CPU
		{ACC9731F-8CB9-4562-B1D7-351A8B1EA5CC}.Release|Any CPU.ActiveCfg = Release|Any CPU
		{ACC9731F-8CB9-4562-B1D7-351A8B1EA5CC}.Release|Any CPU.Build.0 = Release|Any CPU
	EndGlobalSection
	GlobalSection(SolutionProperties) = preSolution
		HideSolutionNode = FALSE
	EndGlobalSection
	GlobalSection(ExtensibilityGlobals) = postSolution
		SolutionGuid = {F88FE3D4-646F-47E0-8A9E-6F46041FC8CF}
	EndGlobalSection
EndGlobal
