
Microsoft Visual Studio Solution File, Format Version 12.00
# Visual Studio Version 17
VisualStudioVersion = 17.2.32526.322
MinimumVisualStudioVersion = 10.0.40219.1
Project("{9A19103F-16F7-4668-BE54-9A1E7A4F7556}") = "BasicMokymai", "BasicMokymai\BasicMokymai.csproj", "{E768EFFA-ABAA-48FD-9B65-C28B14CF45A3}"
EndProject
Project("{FAE04EC0-301F-11D3-BF4B-00C04F79EFBC}") = "komentarai", "komentarai\komentarai.csproj", "{4D415204-4AAD-450E-A188-1821B581C449}"
EndProject
Project("{FAE04EC0-301F-11D3-BF4B-00C04F79EFBC}") = "ConsoleUžduotys", "Užduotys\ConsoleUžduotys.csproj", "{A4EE8379-F26F-4F2B-8DB0-C0FF64B8A85B}"
EndProject
Project("{FAE04EC0-301F-11D3-BF4B-00C04F79EFBC}") = "StringKintamieji", "StringKintamieji\StringKintamieji.csproj", "{14596A2A-A1FF-4C8C-A50E-B369280D4176}"
EndProject
Project("{FAE04EC0-301F-11D3-BF4B-00C04F79EFBC}") = "Tower of hanoi", "Tower of hanoi\Tower of hanoi.csproj", "{B81D1394-A424-4E2A-B537-1923508FC4B8}"
EndProject
Project("{FAE04EC0-301F-11D3-BF4B-00C04F79EFBC}") = "Pabandymai", "Tower of hanoi užduotis\Pabandymai.csproj", "{1595BEFF-A1D9-49E6-AD6B-FD0187C930FF}"
EndProject
Project("{FAE04EC0-301F-11D3-BF4B-00C04F79EFBC}") = "3pamokaKintajiemi", "3pamokaKintajiemi\3pamokaKintajiemi.csproj", "{0A8BD58E-448C-41AA-9072-4C758FE6EB2C}"
EndProject
Global
	GlobalSection(SolutionConfigurationPlatforms) = preSolution
		Debug|Any CPU = Debug|Any CPU
		Release|Any CPU = Release|Any CPU
	EndGlobalSection
	GlobalSection(ProjectConfigurationPlatforms) = postSolution
		{E768EFFA-ABAA-48FD-9B65-C28B14CF45A3}.Debug|Any CPU.ActiveCfg = Debug|Any CPU
		{E768EFFA-ABAA-48FD-9B65-C28B14CF45A3}.Debug|Any CPU.Build.0 = Debug|Any CPU
		{E768EFFA-ABAA-48FD-9B65-C28B14CF45A3}.Release|Any CPU.ActiveCfg = Release|Any CPU
		{E768EFFA-ABAA-48FD-9B65-C28B14CF45A3}.Release|Any CPU.Build.0 = Release|Any CPU
		{4D415204-4AAD-450E-A188-1821B581C449}.Debug|Any CPU.ActiveCfg = Debug|Any CPU
		{4D415204-4AAD-450E-A188-1821B581C449}.Debug|Any CPU.Build.0 = Debug|Any CPU
		{4D415204-4AAD-450E-A188-1821B581C449}.Release|Any CPU.ActiveCfg = Release|Any CPU
		{4D415204-4AAD-450E-A188-1821B581C449}.Release|Any CPU.Build.0 = Release|Any CPU
		{A4EE8379-F26F-4F2B-8DB0-C0FF64B8A85B}.Debug|Any CPU.ActiveCfg = Debug|Any CPU
		{A4EE8379-F26F-4F2B-8DB0-C0FF64B8A85B}.Debug|Any CPU.Build.0 = Debug|Any CPU
		{A4EE8379-F26F-4F2B-8DB0-C0FF64B8A85B}.Release|Any CPU.ActiveCfg = Release|Any CPU
		{A4EE8379-F26F-4F2B-8DB0-C0FF64B8A85B}.Release|Any CPU.Build.0 = Release|Any CPU
		{14596A2A-A1FF-4C8C-A50E-B369280D4176}.Debug|Any CPU.ActiveCfg = Debug|Any CPU
		{14596A2A-A1FF-4C8C-A50E-B369280D4176}.Debug|Any CPU.Build.0 = Debug|Any CPU
		{14596A2A-A1FF-4C8C-A50E-B369280D4176}.Release|Any CPU.ActiveCfg = Release|Any CPU
		{14596A2A-A1FF-4C8C-A50E-B369280D4176}.Release|Any CPU.Build.0 = Release|Any CPU
		{B81D1394-A424-4E2A-B537-1923508FC4B8}.Debug|Any CPU.ActiveCfg = Debug|Any CPU
		{B81D1394-A424-4E2A-B537-1923508FC4B8}.Debug|Any CPU.Build.0 = Debug|Any CPU
		{B81D1394-A424-4E2A-B537-1923508FC4B8}.Release|Any CPU.ActiveCfg = Release|Any CPU
		{B81D1394-A424-4E2A-B537-1923508FC4B8}.Release|Any CPU.Build.0 = Release|Any CPU
		{1595BEFF-A1D9-49E6-AD6B-FD0187C930FF}.Debug|Any CPU.ActiveCfg = Debug|Any CPU
		{1595BEFF-A1D9-49E6-AD6B-FD0187C930FF}.Debug|Any CPU.Build.0 = Debug|Any CPU
		{1595BEFF-A1D9-49E6-AD6B-FD0187C930FF}.Release|Any CPU.ActiveCfg = Release|Any CPU
		{1595BEFF-A1D9-49E6-AD6B-FD0187C930FF}.Release|Any CPU.Build.0 = Release|Any CPU
		{0A8BD58E-448C-41AA-9072-4C758FE6EB2C}.Debug|Any CPU.ActiveCfg = Debug|Any CPU
		{0A8BD58E-448C-41AA-9072-4C758FE6EB2C}.Debug|Any CPU.Build.0 = Debug|Any CPU
		{0A8BD58E-448C-41AA-9072-4C758FE6EB2C}.Release|Any CPU.ActiveCfg = Release|Any CPU
		{0A8BD58E-448C-41AA-9072-4C758FE6EB2C}.Release|Any CPU.Build.0 = Release|Any CPU
	EndGlobalSection
	GlobalSection(SolutionProperties) = preSolution
		HideSolutionNode = FALSE
	EndGlobalSection
	GlobalSection(ExtensibilityGlobals) = postSolution
		SolutionGuid = {DBB0DDB7-5F85-4AAF-8D87-61824D837E90}
	EndGlobalSection
EndGlobal
