
Microsoft Visual Studio Solution File, Format Version 12.00
# Visual Studio Version 17
VisualStudioVersion = 17.2.32526.322
MinimumVisualStudioVersion = 10.0.40219.1
Project("{9A19103F-16F7-4668-BE54-9A1E7A4F7556}") = "BasicMokymai", "BasicMokymai\BasicMokymai.csproj", "{E768EFFA-ABAA-48FD-9B65-C28B14CF45A3}"
EndProject
Project("{9A19103F-16F7-4668-BE54-9A1E7A4F7556}") = "komentarai", "komentarai\komentarai.csproj", "{4D415204-4AAD-450E-A188-1821B581C449}"
EndProject
Project("{9A19103F-16F7-4668-BE54-9A1E7A4F7556}") = "ConsoleUžduotys", "Užduotys\ConsoleUžduotys.csproj", "{A4EE8379-F26F-4F2B-8DB0-C0FF64B8A85B}"
EndProject
Project("{9A19103F-16F7-4668-BE54-9A1E7A4F7556}") = "StringKintamieji", "StringKintamieji\StringKintamieji.csproj", "{14596A2A-A1FF-4C8C-A50E-B369280D4176}"
EndProject
Project("{9A19103F-16F7-4668-BE54-9A1E7A4F7556}") = "Tower of hanoi", "Tower of hanoi\Tower of hanoi.csproj", "{B81D1394-A424-4E2A-B537-1923508FC4B8}"
EndProject
Project("{9A19103F-16F7-4668-BE54-9A1E7A4F7556}") = "Pabandymai", "Tower of hanoi užduotis\Pabandymai.csproj", "{1595BEFF-A1D9-49E6-AD6B-FD0187C930FF}"
EndProject
Project("{9A19103F-16F7-4668-BE54-9A1E7A4F7556}") = "3pamokaKintajiemi", "3pamokaKintajiemi\3pamokaKintajiemi.csproj", "{0A8BD58E-448C-41AA-9072-4C758FE6EB2C}"
EndProject
Project("{9A19103F-16F7-4668-BE54-9A1E7A4F7556}") = "P004_TipuKonversijos", "P004_TipuKonversijos\P004_TipuKonversijos.csproj", "{60597D30-5F9F-4A7C-A847-F9BBE17A0B81}"
EndProject
Project("{9A19103F-16F7-4668-BE54-9A1E7A4F7556}") = "p0004_matematiniaiOperatoriai", "p0004_matematiniaiOperatoriai\p0004_matematiniaiOperatoriai.csproj", "{F317B0BE-2EEF-4EF7-B74C-4805DB545EEA}"
EndProject
Project("{9A19103F-16F7-4668-BE54-9A1E7A4F7556}") = "P005_Operatoriai", "P005_Operatoriai\P005_Operatoriai.csproj", "{0A95598C-09DA-40DB-843B-22A152F2CFFC}"
EndProject
Project("{9A19103F-16F7-4668-BE54-9A1E7A4F7556}") = "P0005_uždaviniai", "P0005_uždaviniai\P0005_uždaviniai.csproj", "{D8037731-B073-4C8A-9D56-F76AAB6E447D}"
EndProject
Project("{9A19103F-16F7-4668-BE54-9A1E7A4F7556}") = "Termometras", "Termometras\Termometras.csproj", "{FF7AE802-8D27-4C47-B899-779C184EC0DA}"
EndProject
Project("{9A19103F-16F7-4668-BE54-9A1E7A4F7556}") = "P_0006Loginiai operatoriai", "P_0006Loginiai operatoriai\P_0006Loginiai operatoriai.csproj", "{79EE5772-A6AC-4D78-A68D-01A7974326F0}"
EndProject
Project("{9A19103F-16F7-4668-BE54-9A1E7A4F7556}") = "p007_If", "p007_If\p007_If.csproj", "{DCCEB951-5D8C-46E9-81CD-CB664BEF6E82}"
EndProject
Project("{9A19103F-16F7-4668-BE54-9A1E7A4F7556}") = "P0008_switch", "P0008_switch\P0008_switch.csproj", "{19078060-1F99-4F47-B840-C0606948B5D0}"
EndProject
Project("{9A19103F-16F7-4668-BE54-9A1E7A4F7556}") = "P_0009 string", "P_0009 string\P_0009 string.csproj", "{B4C35665-0C1B-409C-8B31-5C465989EBE9}"
EndProject
Project("{9A19103F-16F7-4668-BE54-9A1E7A4F7556}") = "Savarankiskas darbas 2022-06-22", "Savarankiskas darbas 2022-06-22\Savarankiskas darbas 2022-06-22.csproj", "{06AE8C3D-997D-4117-87FC-8F6300EF2835}"
EndProject
Project("{9A19103F-16F7-4668-BE54-9A1E7A4F7556}") = "Savarankiskas darbas, pasibandymai", "Savarankiskas darbas, pasibandymai\Savarankiskas darbas, pasibandymai.csproj", "{98C75F78-1289-4670-8CE2-4D6FC8F076CE}"
EndProject
Project("{9A19103F-16F7-4668-BE54-9A1E7A4F7556}") = "Metodai", "Metodai\Metodai.csproj", "{228C4E1C-F939-4F07-9401-DFD6B17BD605}"
EndProject
Project("{9A19103F-16F7-4668-BE54-9A1E7A4F7556}") = "Datos bandymai", "Datos bandymai\Datos bandymai.csproj", "{8F558A8B-ECE5-4D1E-BBE0-EAEA8A34D7C3}"
EndProject
Project("{9A19103F-16F7-4668-BE54-9A1E7A4F7556}") = "Metodai uzdaviniai", "Metodai uzdaviniai\Metodai uzdaviniai.csproj", "{B6F34E07-FC4C-4F6F-913E-14A4E55842C7}"
EndProject
Project("{9A19103F-16F7-4668-BE54-9A1E7A4F7556}") = "Savarankiskas darbas Registracijos Forma", "Savarankiskas darbas Registracijos Forma\Savarankiskas darbas Registracijos Forma.csproj", "{727C09AB-7388-4F6D-A1B5-6A1F0F85B7EA}"
EndProject
Project("{9A19103F-16F7-4668-BE54-9A1E7A4F7556}") = "Metodu uzdaviniai", "Metodu uzdaviniai\Metodu uzdaviniai.csproj", "{5055DB5B-6C68-40DD-94CB-4FD4B880A042}"
EndProject
Project("{9A19103F-16F7-4668-BE54-9A1E7A4F7556}") = "Uzdaviniai metodai", "Uzdaviniai metodai\Uzdaviniai metodai.csproj", "{5919B20F-7A41-44BE-9C67-3F1EC0C6CD48}"
EndProject
Project("{2150E333-8FDC-42A3-9474-1A3956D46DE8}") = "Tests", "Tests", "{B13D282D-3AA1-4703-951C-3C82421E681A}"
EndProject
Project("{9A19103F-16F7-4668-BE54-9A1E7A4F7556}") = "P011_Methods_Tests", "P011_Methods_Tests\P011_Methods_Tests.csproj", "{396690CF-1497-44F6-9BC0-E499C8C9A7F7}"
EndProject
Project("{9A19103F-16F7-4668-BE54-9A1E7A4F7556}") = "Metodų uždaviniai ir testai", "Metodų uždaviniai ir testai\Metodų uždaviniai ir testai.csproj", "{3F2CC642-3F1A-45B0-9E53-B9A34D1335BE}"
EndProject
Project("{9A19103F-16F7-4668-BE54-9A1E7A4F7556}") = "P_014_Debug", "P_014_Debug\P_014_Debug.csproj", "{86B946A2-C901-4B7B-946C-226A582AB96E}"
EndProject
Project("{9A19103F-16F7-4668-BE54-9A1E7A4F7556}") = "P_014_Debug_test", "P_014_Debug_test\P_014_Debug_test.csproj", "{B4A20E28-B296-435A-A251-55D6F48B7A49}"
EndProject
Project("{9A19103F-16F7-4668-BE54-9A1E7A4F7556}") = "Debug uzdavinys", "Debug uzdavinys\Debug uzdavinys.csproj", "{754EBE06-E47D-4DF8-96FA-2CACC949A677}"
EndProject
Project("{9A19103F-16F7-4668-BE54-9A1E7A4F7556}") = "Debug_Uzdavinys_Skaiciuotuvas", "Debug_Uzdavinys_Skaiciuotuvas\Debug_Uzdavinys_Skaiciuotuvas.csproj", "{8A1564C5-4409-4518-8173-4B4C22038D41}"
EndProject
Project("{9A19103F-16F7-4668-BE54-9A1E7A4F7556}") = "Skaiciuotuvo testas", "Skaiciuotuvo testas\Skaiciuotuvo testas.csproj", "{6AAF61F1-4274-4AAE-8699-EF1F139647AB}"
EndProject
Project("{9A19103F-16F7-4668-BE54-9A1E7A4F7556}") = "While, do while", "While, do while\While, do while.csproj", "{98C99890-1A11-4B90-873C-635371AA274F}"
EndProject
Project("{9A19103F-16F7-4668-BE54-9A1E7A4F7556}") = "DNRGrandine", "DNRGrandine\DNRGrandine.csproj", "{1079C4A2-31B4-47C9-B24C-76B210369FDD}"
EndProject
Project("{9A19103F-16F7-4668-BE54-9A1E7A4F7556}") = "DNRGrandine.Tests", "DNRGrandine.Tests\DNRGrandine.Tests.csproj", "{FA0E41CD-5F7D-4253-8F8E-60753F4161BD}"
EndProject
Project("{9A19103F-16F7-4668-BE54-9A1E7A4F7556}") = "P_0017_Užduotys", "P_0017_Užduotys\P_0017_Užduotys.csproj", "{A2882FCB-EFA3-4C31-9334-135BABEABCF2}"
EndProject
Project("{9A19103F-16F7-4668-BE54-9A1E7A4F7556}") = "P018_Skaiciuotuvas", "P018_Skaiciuotuvas\P018_Skaiciuotuvas.csproj", "{149A6AF9-C71D-4D42-9C74-C48CF6589735}"
EndProject
Project("{9A19103F-16F7-4668-BE54-9A1E7A4F7556}") = "Skaiciuotuvo bandymai", "Skaiciuotuvo bandymai\Skaiciuotuvo bandymai.csproj", "{D648C62B-5ED1-4C2E-A516-DB692C108B63}"
EndProject
Project("{9A19103F-16F7-4668-BE54-9A1E7A4F7556}") = "Masyvai", "Masyvai\Masyvai.csproj", "{E895C3DC-9639-4547-9046-AF2B836EDAA7}"
EndProject
Project("{9A19103F-16F7-4668-BE54-9A1E7A4F7556}") = "P_020 masyvu kartojimas", "P_020 masyvu kartojimas\P_020 masyvu kartojimas.csproj", "{3B5CB2D0-4F69-4ABC-9915-A6E3CC2BE4FC}"
EndProject
Project("{9A19103F-16F7-4668-BE54-9A1E7A4F7556}") = "masyvu uzdaviniu testai", "masyvu uzdaviniu testai\masyvu uzdaviniu testai.csproj", "{9C066386-396D-4652-A127-2CE0241403EE}"
EndProject
Project("{9A19103F-16F7-4668-BE54-9A1E7A4F7556}") = "P_0021 List", "P_0021 List\P_0021 List.csproj", "{DCBBC35C-8B88-4BD8-97C9-68218CBAF118}"
EndProject
Project("{9A19103F-16F7-4668-BE54-9A1E7A4F7556}") = "P_0021 ListTests", "P_0021 ListTests\P_0021 ListTests.csproj", "{7E2CA593-D4BE-479C-804D-A086054D6828}"
EndProject
Project("{9A19103F-16F7-4668-BE54-9A1E7A4F7556}") = "SuperSkaiciuotuvas", "SuperSkaiciuotuvas\SuperSkaiciuotuvas.csproj", "{B53BC6DE-E707-4EC4-AEB6-1C124345BE52}"
EndProject
Project("{9A19103F-16F7-4668-BE54-9A1E7A4F7556}") = "Super_Skaiciuotuvas_test", "Super_Skaiciuotuvas_test\Super_Skaiciuotuvas_test.csproj", "{3B1D0FA7-9094-4D35-9F30-89E295A6C3DB}"
EndProject
Project("{9A19103F-16F7-4668-BE54-9A1E7A4F7556}") = "P_0021 ForEach", "P_0021 ForEach\P_0021 ForEach.csproj", "{D3BAEC9E-9A37-4976-B2B4-15AB12BB6A81}"
EndProject
Project("{9A19103F-16F7-4668-BE54-9A1E7A4F7556}") = "ForEach testai", "ForEach testai\ForEach testai.csproj", "{E850A0CE-9619-46D0-BDAD-1A9170A96C79}"
EndProject
Project("{9A19103F-16F7-4668-BE54-9A1E7A4F7556}") = "P023 Dictionaries", "P023 Dictionaries\P023 Dictionaries.csproj", "{33328B16-7F32-436D-AC4F-83DAB17A34A6}"
EndProject
Project("{9A19103F-16F7-4668-BE54-9A1E7A4F7556}") = "Savarankiskas_darbas_SuperSkaiciuotuvas", "Savarankiskas_darbas_SuperSkaiciuotuvas\Savarankiskas_darbas_SuperSkaiciuotuvas.csproj", "{94B6A2DB-FAFA-4700-90DB-6BC588875A7F}"
EndProject
Project("{FAE04EC0-301F-11D3-BF4B-00C04F79EFBC}") = "RefaktorintasSuperSkaiciuotuvas", "RefaktorintasSuperSkaiciuotuvas\RefaktorintasSuperSkaiciuotuvas.csproj", "{15597F18-3ECD-4DA3-A461-7D27551D7129}"
EndProject
Global
	GlobalSection(SolutionConfigurationPlatforms) = preSolution
		Debug|Any CPU = Debug|Any CPU
		Release|Any CPU = Release|Any CPU
	EndGlobalSection
	GlobalSection(ProjectConfigurationPlatforms) = postSolution
		{E768EFFA-ABAA-48FD-9B65-C28B14CF45A3}.Debug|Any CPU.ActiveCfg = Debug|Any CPU
		{E768EFFA-ABAA-48FD-9B65-C28B14CF45A3}.Debug|Any CPU.Build.0 = Debug|Any CPU
		{E768EFFA-ABAA-48FD-9B65-C28B14CF45A3}.Release|Any CPU.ActiveCfg = Release|Any CPU
		{E768EFFA-ABAA-48FD-9B65-C28B14CF45A3}.Release|Any CPU.Build.0 = Release|Any CPU
		{4D415204-4AAD-450E-A188-1821B581C449}.Debug|Any CPU.ActiveCfg = Debug|Any CPU
		{4D415204-4AAD-450E-A188-1821B581C449}.Debug|Any CPU.Build.0 = Debug|Any CPU
		{4D415204-4AAD-450E-A188-1821B581C449}.Release|Any CPU.ActiveCfg = Release|Any CPU
		{4D415204-4AAD-450E-A188-1821B581C449}.Release|Any CPU.Build.0 = Release|Any CPU
		{A4EE8379-F26F-4F2B-8DB0-C0FF64B8A85B}.Debug|Any CPU.ActiveCfg = Debug|Any CPU
		{A4EE8379-F26F-4F2B-8DB0-C0FF64B8A85B}.Debug|Any CPU.Build.0 = Debug|Any CPU
		{A4EE8379-F26F-4F2B-8DB0-C0FF64B8A85B}.Release|Any CPU.ActiveCfg = Release|Any CPU
		{A4EE8379-F26F-4F2B-8DB0-C0FF64B8A85B}.Release|Any CPU.Build.0 = Release|Any CPU
		{14596A2A-A1FF-4C8C-A50E-B369280D4176}.Debug|Any CPU.ActiveCfg = Debug|Any CPU
		{14596A2A-A1FF-4C8C-A50E-B369280D4176}.Debug|Any CPU.Build.0 = Debug|Any CPU
		{14596A2A-A1FF-4C8C-A50E-B369280D4176}.Release|Any CPU.ActiveCfg = Release|Any CPU
		{14596A2A-A1FF-4C8C-A50E-B369280D4176}.Release|Any CPU.Build.0 = Release|Any CPU
		{B81D1394-A424-4E2A-B537-1923508FC4B8}.Debug|Any CPU.ActiveCfg = Debug|Any CPU
		{B81D1394-A424-4E2A-B537-1923508FC4B8}.Debug|Any CPU.Build.0 = Debug|Any CPU
		{B81D1394-A424-4E2A-B537-1923508FC4B8}.Release|Any CPU.ActiveCfg = Release|Any CPU
		{B81D1394-A424-4E2A-B537-1923508FC4B8}.Release|Any CPU.Build.0 = Release|Any CPU
		{1595BEFF-A1D9-49E6-AD6B-FD0187C930FF}.Debug|Any CPU.ActiveCfg = Debug|Any CPU
		{1595BEFF-A1D9-49E6-AD6B-FD0187C930FF}.Debug|Any CPU.Build.0 = Debug|Any CPU
		{1595BEFF-A1D9-49E6-AD6B-FD0187C930FF}.Release|Any CPU.ActiveCfg = Release|Any CPU
		{1595BEFF-A1D9-49E6-AD6B-FD0187C930FF}.Release|Any CPU.Build.0 = Release|Any CPU
		{0A8BD58E-448C-41AA-9072-4C758FE6EB2C}.Debug|Any CPU.ActiveCfg = Debug|Any CPU
		{0A8BD58E-448C-41AA-9072-4C758FE6EB2C}.Debug|Any CPU.Build.0 = Debug|Any CPU
		{0A8BD58E-448C-41AA-9072-4C758FE6EB2C}.Release|Any CPU.ActiveCfg = Release|Any CPU
		{0A8BD58E-448C-41AA-9072-4C758FE6EB2C}.Release|Any CPU.Build.0 = Release|Any CPU
		{60597D30-5F9F-4A7C-A847-F9BBE17A0B81}.Debug|Any CPU.ActiveCfg = Debug|Any CPU
		{60597D30-5F9F-4A7C-A847-F9BBE17A0B81}.Debug|Any CPU.Build.0 = Debug|Any CPU
		{60597D30-5F9F-4A7C-A847-F9BBE17A0B81}.Release|Any CPU.ActiveCfg = Release|Any CPU
		{60597D30-5F9F-4A7C-A847-F9BBE17A0B81}.Release|Any CPU.Build.0 = Release|Any CPU
		{F317B0BE-2EEF-4EF7-B74C-4805DB545EEA}.Debug|Any CPU.ActiveCfg = Debug|Any CPU
		{F317B0BE-2EEF-4EF7-B74C-4805DB545EEA}.Debug|Any CPU.Build.0 = Debug|Any CPU
		{F317B0BE-2EEF-4EF7-B74C-4805DB545EEA}.Release|Any CPU.ActiveCfg = Release|Any CPU
		{F317B0BE-2EEF-4EF7-B74C-4805DB545EEA}.Release|Any CPU.Build.0 = Release|Any CPU
		{0A95598C-09DA-40DB-843B-22A152F2CFFC}.Debug|Any CPU.ActiveCfg = Debug|Any CPU
		{0A95598C-09DA-40DB-843B-22A152F2CFFC}.Debug|Any CPU.Build.0 = Debug|Any CPU
		{0A95598C-09DA-40DB-843B-22A152F2CFFC}.Release|Any CPU.ActiveCfg = Release|Any CPU
		{0A95598C-09DA-40DB-843B-22A152F2CFFC}.Release|Any CPU.Build.0 = Release|Any CPU
		{D8037731-B073-4C8A-9D56-F76AAB6E447D}.Debug|Any CPU.ActiveCfg = Debug|Any CPU
		{D8037731-B073-4C8A-9D56-F76AAB6E447D}.Debug|Any CPU.Build.0 = Debug|Any CPU
		{D8037731-B073-4C8A-9D56-F76AAB6E447D}.Release|Any CPU.ActiveCfg = Release|Any CPU
		{D8037731-B073-4C8A-9D56-F76AAB6E447D}.Release|Any CPU.Build.0 = Release|Any CPU
		{FF7AE802-8D27-4C47-B899-779C184EC0DA}.Debug|Any CPU.ActiveCfg = Debug|Any CPU
		{FF7AE802-8D27-4C47-B899-779C184EC0DA}.Debug|Any CPU.Build.0 = Debug|Any CPU
		{FF7AE802-8D27-4C47-B899-779C184EC0DA}.Release|Any CPU.ActiveCfg = Release|Any CPU
		{FF7AE802-8D27-4C47-B899-779C184EC0DA}.Release|Any CPU.Build.0 = Release|Any CPU
		{79EE5772-A6AC-4D78-A68D-01A7974326F0}.Debug|Any CPU.ActiveCfg = Debug|Any CPU
		{79EE5772-A6AC-4D78-A68D-01A7974326F0}.Debug|Any CPU.Build.0 = Debug|Any CPU
		{79EE5772-A6AC-4D78-A68D-01A7974326F0}.Release|Any CPU.ActiveCfg = Release|Any CPU
		{79EE5772-A6AC-4D78-A68D-01A7974326F0}.Release|Any CPU.Build.0 = Release|Any CPU
		{DCCEB951-5D8C-46E9-81CD-CB664BEF6E82}.Debug|Any CPU.ActiveCfg = Debug|Any CPU
		{DCCEB951-5D8C-46E9-81CD-CB664BEF6E82}.Debug|Any CPU.Build.0 = Debug|Any CPU
		{DCCEB951-5D8C-46E9-81CD-CB664BEF6E82}.Release|Any CPU.ActiveCfg = Release|Any CPU
		{DCCEB951-5D8C-46E9-81CD-CB664BEF6E82}.Release|Any CPU.Build.0 = Release|Any CPU
		{19078060-1F99-4F47-B840-C0606948B5D0}.Debug|Any CPU.ActiveCfg = Debug|Any CPU
		{19078060-1F99-4F47-B840-C0606948B5D0}.Debug|Any CPU.Build.0 = Debug|Any CPU
		{19078060-1F99-4F47-B840-C0606948B5D0}.Release|Any CPU.ActiveCfg = Release|Any CPU
		{19078060-1F99-4F47-B840-C0606948B5D0}.Release|Any CPU.Build.0 = Release|Any CPU
		{B4C35665-0C1B-409C-8B31-5C465989EBE9}.Debug|Any CPU.ActiveCfg = Debug|Any CPU
		{B4C35665-0C1B-409C-8B31-5C465989EBE9}.Debug|Any CPU.Build.0 = Debug|Any CPU
		{B4C35665-0C1B-409C-8B31-5C465989EBE9}.Release|Any CPU.ActiveCfg = Release|Any CPU
		{B4C35665-0C1B-409C-8B31-5C465989EBE9}.Release|Any CPU.Build.0 = Release|Any CPU
		{06AE8C3D-997D-4117-87FC-8F6300EF2835}.Debug|Any CPU.ActiveCfg = Debug|Any CPU
		{06AE8C3D-997D-4117-87FC-8F6300EF2835}.Debug|Any CPU.Build.0 = Debug|Any CPU
		{06AE8C3D-997D-4117-87FC-8F6300EF2835}.Release|Any CPU.ActiveCfg = Release|Any CPU
		{06AE8C3D-997D-4117-87FC-8F6300EF2835}.Release|Any CPU.Build.0 = Release|Any CPU
		{98C75F78-1289-4670-8CE2-4D6FC8F076CE}.Debug|Any CPU.ActiveCfg = Debug|Any CPU
		{98C75F78-1289-4670-8CE2-4D6FC8F076CE}.Debug|Any CPU.Build.0 = Debug|Any CPU
		{98C75F78-1289-4670-8CE2-4D6FC8F076CE}.Release|Any CPU.ActiveCfg = Release|Any CPU
		{98C75F78-1289-4670-8CE2-4D6FC8F076CE}.Release|Any CPU.Build.0 = Release|Any CPU
		{228C4E1C-F939-4F07-9401-DFD6B17BD605}.Debug|Any CPU.ActiveCfg = Debug|Any CPU
		{228C4E1C-F939-4F07-9401-DFD6B17BD605}.Debug|Any CPU.Build.0 = Debug|Any CPU
		{228C4E1C-F939-4F07-9401-DFD6B17BD605}.Release|Any CPU.ActiveCfg = Release|Any CPU
		{228C4E1C-F939-4F07-9401-DFD6B17BD605}.Release|Any CPU.Build.0 = Release|Any CPU
		{8F558A8B-ECE5-4D1E-BBE0-EAEA8A34D7C3}.Debug|Any CPU.ActiveCfg = Debug|Any CPU
		{8F558A8B-ECE5-4D1E-BBE0-EAEA8A34D7C3}.Debug|Any CPU.Build.0 = Debug|Any CPU
		{8F558A8B-ECE5-4D1E-BBE0-EAEA8A34D7C3}.Release|Any CPU.ActiveCfg = Release|Any CPU
		{8F558A8B-ECE5-4D1E-BBE0-EAEA8A34D7C3}.Release|Any CPU.Build.0 = Release|Any CPU
		{B6F34E07-FC4C-4F6F-913E-14A4E55842C7}.Debug|Any CPU.ActiveCfg = Debug|Any CPU
		{B6F34E07-FC4C-4F6F-913E-14A4E55842C7}.Debug|Any CPU.Build.0 = Debug|Any CPU
		{B6F34E07-FC4C-4F6F-913E-14A4E55842C7}.Release|Any CPU.ActiveCfg = Release|Any CPU
		{B6F34E07-FC4C-4F6F-913E-14A4E55842C7}.Release|Any CPU.Build.0 = Release|Any CPU
		{727C09AB-7388-4F6D-A1B5-6A1F0F85B7EA}.Debug|Any CPU.ActiveCfg = Debug|Any CPU
		{727C09AB-7388-4F6D-A1B5-6A1F0F85B7EA}.Debug|Any CPU.Build.0 = Debug|Any CPU
		{727C09AB-7388-4F6D-A1B5-6A1F0F85B7EA}.Release|Any CPU.ActiveCfg = Release|Any CPU
		{727C09AB-7388-4F6D-A1B5-6A1F0F85B7EA}.Release|Any CPU.Build.0 = Release|Any CPU
		{5055DB5B-6C68-40DD-94CB-4FD4B880A042}.Debug|Any CPU.ActiveCfg = Debug|Any CPU
		{5055DB5B-6C68-40DD-94CB-4FD4B880A042}.Debug|Any CPU.Build.0 = Debug|Any CPU
		{5055DB5B-6C68-40DD-94CB-4FD4B880A042}.Release|Any CPU.ActiveCfg = Release|Any CPU
		{5055DB5B-6C68-40DD-94CB-4FD4B880A042}.Release|Any CPU.Build.0 = Release|Any CPU
		{5919B20F-7A41-44BE-9C67-3F1EC0C6CD48}.Debug|Any CPU.ActiveCfg = Debug|Any CPU
		{5919B20F-7A41-44BE-9C67-3F1EC0C6CD48}.Debug|Any CPU.Build.0 = Debug|Any CPU
		{5919B20F-7A41-44BE-9C67-3F1EC0C6CD48}.Release|Any CPU.ActiveCfg = Release|Any CPU
		{5919B20F-7A41-44BE-9C67-3F1EC0C6CD48}.Release|Any CPU.Build.0 = Release|Any CPU
		{396690CF-1497-44F6-9BC0-E499C8C9A7F7}.Debug|Any CPU.ActiveCfg = Debug|Any CPU
		{396690CF-1497-44F6-9BC0-E499C8C9A7F7}.Debug|Any CPU.Build.0 = Debug|Any CPU
		{396690CF-1497-44F6-9BC0-E499C8C9A7F7}.Release|Any CPU.ActiveCfg = Release|Any CPU
		{396690CF-1497-44F6-9BC0-E499C8C9A7F7}.Release|Any CPU.Build.0 = Release|Any CPU
		{3F2CC642-3F1A-45B0-9E53-B9A34D1335BE}.Debug|Any CPU.ActiveCfg = Debug|Any CPU
		{3F2CC642-3F1A-45B0-9E53-B9A34D1335BE}.Debug|Any CPU.Build.0 = Debug|Any CPU
		{3F2CC642-3F1A-45B0-9E53-B9A34D1335BE}.Release|Any CPU.ActiveCfg = Release|Any CPU
		{3F2CC642-3F1A-45B0-9E53-B9A34D1335BE}.Release|Any CPU.Build.0 = Release|Any CPU
		{86B946A2-C901-4B7B-946C-226A582AB96E}.Debug|Any CPU.ActiveCfg = Debug|Any CPU
		{86B946A2-C901-4B7B-946C-226A582AB96E}.Debug|Any CPU.Build.0 = Debug|Any CPU
		{86B946A2-C901-4B7B-946C-226A582AB96E}.Release|Any CPU.ActiveCfg = Release|Any CPU
		{86B946A2-C901-4B7B-946C-226A582AB96E}.Release|Any CPU.Build.0 = Release|Any CPU
		{B4A20E28-B296-435A-A251-55D6F48B7A49}.Debug|Any CPU.ActiveCfg = Debug|Any CPU
		{B4A20E28-B296-435A-A251-55D6F48B7A49}.Debug|Any CPU.Build.0 = Debug|Any CPU
		{B4A20E28-B296-435A-A251-55D6F48B7A49}.Release|Any CPU.ActiveCfg = Release|Any CPU
		{B4A20E28-B296-435A-A251-55D6F48B7A49}.Release|Any CPU.Build.0 = Release|Any CPU
		{754EBE06-E47D-4DF8-96FA-2CACC949A677}.Debug|Any CPU.ActiveCfg = Debug|Any CPU
		{754EBE06-E47D-4DF8-96FA-2CACC949A677}.Debug|Any CPU.Build.0 = Debug|Any CPU
		{754EBE06-E47D-4DF8-96FA-2CACC949A677}.Release|Any CPU.ActiveCfg = Release|Any CPU
		{754EBE06-E47D-4DF8-96FA-2CACC949A677}.Release|Any CPU.Build.0 = Release|Any CPU
		{8A1564C5-4409-4518-8173-4B4C22038D41}.Debug|Any CPU.ActiveCfg = Debug|Any CPU
		{8A1564C5-4409-4518-8173-4B4C22038D41}.Debug|Any CPU.Build.0 = Debug|Any CPU
		{8A1564C5-4409-4518-8173-4B4C22038D41}.Release|Any CPU.ActiveCfg = Release|Any CPU
		{8A1564C5-4409-4518-8173-4B4C22038D41}.Release|Any CPU.Build.0 = Release|Any CPU
		{6AAF61F1-4274-4AAE-8699-EF1F139647AB}.Debug|Any CPU.ActiveCfg = Debug|Any CPU
		{6AAF61F1-4274-4AAE-8699-EF1F139647AB}.Debug|Any CPU.Build.0 = Debug|Any CPU
		{6AAF61F1-4274-4AAE-8699-EF1F139647AB}.Release|Any CPU.ActiveCfg = Release|Any CPU
		{6AAF61F1-4274-4AAE-8699-EF1F139647AB}.Release|Any CPU.Build.0 = Release|Any CPU
		{98C99890-1A11-4B90-873C-635371AA274F}.Debug|Any CPU.ActiveCfg = Debug|Any CPU
		{98C99890-1A11-4B90-873C-635371AA274F}.Debug|Any CPU.Build.0 = Debug|Any CPU
		{98C99890-1A11-4B90-873C-635371AA274F}.Release|Any CPU.ActiveCfg = Release|Any CPU
		{98C99890-1A11-4B90-873C-635371AA274F}.Release|Any CPU.Build.0 = Release|Any CPU
		{1079C4A2-31B4-47C9-B24C-76B210369FDD}.Debug|Any CPU.ActiveCfg = Debug|Any CPU
		{1079C4A2-31B4-47C9-B24C-76B210369FDD}.Debug|Any CPU.Build.0 = Debug|Any CPU
		{1079C4A2-31B4-47C9-B24C-76B210369FDD}.Release|Any CPU.ActiveCfg = Release|Any CPU
		{1079C4A2-31B4-47C9-B24C-76B210369FDD}.Release|Any CPU.Build.0 = Release|Any CPU
		{FA0E41CD-5F7D-4253-8F8E-60753F4161BD}.Debug|Any CPU.ActiveCfg = Debug|Any CPU
		{FA0E41CD-5F7D-4253-8F8E-60753F4161BD}.Debug|Any CPU.Build.0 = Debug|Any CPU
		{FA0E41CD-5F7D-4253-8F8E-60753F4161BD}.Release|Any CPU.ActiveCfg = Release|Any CPU
		{FA0E41CD-5F7D-4253-8F8E-60753F4161BD}.Release|Any CPU.Build.0 = Release|Any CPU
		{A2882FCB-EFA3-4C31-9334-135BABEABCF2}.Debug|Any CPU.ActiveCfg = Debug|Any CPU
		{A2882FCB-EFA3-4C31-9334-135BABEABCF2}.Debug|Any CPU.Build.0 = Debug|Any CPU
		{A2882FCB-EFA3-4C31-9334-135BABEABCF2}.Release|Any CPU.ActiveCfg = Release|Any CPU
		{A2882FCB-EFA3-4C31-9334-135BABEABCF2}.Release|Any CPU.Build.0 = Release|Any CPU
		{149A6AF9-C71D-4D42-9C74-C48CF6589735}.Debug|Any CPU.ActiveCfg = Debug|Any CPU
		{149A6AF9-C71D-4D42-9C74-C48CF6589735}.Debug|Any CPU.Build.0 = Debug|Any CPU
		{149A6AF9-C71D-4D42-9C74-C48CF6589735}.Release|Any CPU.ActiveCfg = Release|Any CPU
		{149A6AF9-C71D-4D42-9C74-C48CF6589735}.Release|Any CPU.Build.0 = Release|Any CPU
		{D648C62B-5ED1-4C2E-A516-DB692C108B63}.Debug|Any CPU.ActiveCfg = Debug|Any CPU
		{D648C62B-5ED1-4C2E-A516-DB692C108B63}.Debug|Any CPU.Build.0 = Debug|Any CPU
		{D648C62B-5ED1-4C2E-A516-DB692C108B63}.Release|Any CPU.ActiveCfg = Release|Any CPU
		{D648C62B-5ED1-4C2E-A516-DB692C108B63}.Release|Any CPU.Build.0 = Release|Any CPU
		{E895C3DC-9639-4547-9046-AF2B836EDAA7}.Debug|Any CPU.ActiveCfg = Debug|Any CPU
		{E895C3DC-9639-4547-9046-AF2B836EDAA7}.Debug|Any CPU.Build.0 = Debug|Any CPU
		{E895C3DC-9639-4547-9046-AF2B836EDAA7}.Release|Any CPU.ActiveCfg = Release|Any CPU
		{E895C3DC-9639-4547-9046-AF2B836EDAA7}.Release|Any CPU.Build.0 = Release|Any CPU
		{3B5CB2D0-4F69-4ABC-9915-A6E3CC2BE4FC}.Debug|Any CPU.ActiveCfg = Debug|Any CPU
		{3B5CB2D0-4F69-4ABC-9915-A6E3CC2BE4FC}.Debug|Any CPU.Build.0 = Debug|Any CPU
		{3B5CB2D0-4F69-4ABC-9915-A6E3CC2BE4FC}.Release|Any CPU.ActiveCfg = Release|Any CPU
		{3B5CB2D0-4F69-4ABC-9915-A6E3CC2BE4FC}.Release|Any CPU.Build.0 = Release|Any CPU
		{9C066386-396D-4652-A127-2CE0241403EE}.Debug|Any CPU.ActiveCfg = Debug|Any CPU
		{9C066386-396D-4652-A127-2CE0241403EE}.Debug|Any CPU.Build.0 = Debug|Any CPU
		{9C066386-396D-4652-A127-2CE0241403EE}.Release|Any CPU.ActiveCfg = Release|Any CPU
		{9C066386-396D-4652-A127-2CE0241403EE}.Release|Any CPU.Build.0 = Release|Any CPU
		{DCBBC35C-8B88-4BD8-97C9-68218CBAF118}.Debug|Any CPU.ActiveCfg = Debug|Any CPU
		{DCBBC35C-8B88-4BD8-97C9-68218CBAF118}.Debug|Any CPU.Build.0 = Debug|Any CPU
		{DCBBC35C-8B88-4BD8-97C9-68218CBAF118}.Release|Any CPU.ActiveCfg = Release|Any CPU
		{DCBBC35C-8B88-4BD8-97C9-68218CBAF118}.Release|Any CPU.Build.0 = Release|Any CPU
		{7E2CA593-D4BE-479C-804D-A086054D6828}.Debug|Any CPU.ActiveCfg = Debug|Any CPU
		{7E2CA593-D4BE-479C-804D-A086054D6828}.Debug|Any CPU.Build.0 = Debug|Any CPU
		{7E2CA593-D4BE-479C-804D-A086054D6828}.Release|Any CPU.ActiveCfg = Release|Any CPU
		{7E2CA593-D4BE-479C-804D-A086054D6828}.Release|Any CPU.Build.0 = Release|Any CPU
		{B53BC6DE-E707-4EC4-AEB6-1C124345BE52}.Debug|Any CPU.ActiveCfg = Debug|Any CPU
		{B53BC6DE-E707-4EC4-AEB6-1C124345BE52}.Debug|Any CPU.Build.0 = Debug|Any CPU
		{B53BC6DE-E707-4EC4-AEB6-1C124345BE52}.Release|Any CPU.ActiveCfg = Release|Any CPU
		{B53BC6DE-E707-4EC4-AEB6-1C124345BE52}.Release|Any CPU.Build.0 = Release|Any CPU
		{3B1D0FA7-9094-4D35-9F30-89E295A6C3DB}.Debug|Any CPU.ActiveCfg = Debug|Any CPU
		{3B1D0FA7-9094-4D35-9F30-89E295A6C3DB}.Debug|Any CPU.Build.0 = Debug|Any CPU
		{3B1D0FA7-9094-4D35-9F30-89E295A6C3DB}.Release|Any CPU.ActiveCfg = Release|Any CPU
		{3B1D0FA7-9094-4D35-9F30-89E295A6C3DB}.Release|Any CPU.Build.0 = Release|Any CPU
		{D3BAEC9E-9A37-4976-B2B4-15AB12BB6A81}.Debug|Any CPU.ActiveCfg = Debug|Any CPU
		{D3BAEC9E-9A37-4976-B2B4-15AB12BB6A81}.Debug|Any CPU.Build.0 = Debug|Any CPU
		{D3BAEC9E-9A37-4976-B2B4-15AB12BB6A81}.Release|Any CPU.ActiveCfg = Release|Any CPU
		{D3BAEC9E-9A37-4976-B2B4-15AB12BB6A81}.Release|Any CPU.Build.0 = Release|Any CPU
		{E850A0CE-9619-46D0-BDAD-1A9170A96C79}.Debug|Any CPU.ActiveCfg = Debug|Any CPU
		{E850A0CE-9619-46D0-BDAD-1A9170A96C79}.Debug|Any CPU.Build.0 = Debug|Any CPU
		{E850A0CE-9619-46D0-BDAD-1A9170A96C79}.Release|Any CPU.ActiveCfg = Release|Any CPU
		{E850A0CE-9619-46D0-BDAD-1A9170A96C79}.Release|Any CPU.Build.0 = Release|Any CPU
		{33328B16-7F32-436D-AC4F-83DAB17A34A6}.Debug|Any CPU.ActiveCfg = Debug|Any CPU
		{33328B16-7F32-436D-AC4F-83DAB17A34A6}.Debug|Any CPU.Build.0 = Debug|Any CPU
		{33328B16-7F32-436D-AC4F-83DAB17A34A6}.Release|Any CPU.ActiveCfg = Release|Any CPU
		{33328B16-7F32-436D-AC4F-83DAB17A34A6}.Release|Any CPU.Build.0 = Release|Any CPU
		{94B6A2DB-FAFA-4700-90DB-6BC588875A7F}.Debug|Any CPU.ActiveCfg = Debug|Any CPU
		{94B6A2DB-FAFA-4700-90DB-6BC588875A7F}.Debug|Any CPU.Build.0 = Debug|Any CPU
		{94B6A2DB-FAFA-4700-90DB-6BC588875A7F}.Release|Any CPU.ActiveCfg = Release|Any CPU
		{94B6A2DB-FAFA-4700-90DB-6BC588875A7F}.Release|Any CPU.Build.0 = Release|Any CPU
		{15597F18-3ECD-4DA3-A461-7D27551D7129}.Debug|Any CPU.ActiveCfg = Debug|Any CPU
		{15597F18-3ECD-4DA3-A461-7D27551D7129}.Debug|Any CPU.Build.0 = Debug|Any CPU
		{15597F18-3ECD-4DA3-A461-7D27551D7129}.Release|Any CPU.ActiveCfg = Release|Any CPU
		{15597F18-3ECD-4DA3-A461-7D27551D7129}.Release|Any CPU.Build.0 = Release|Any CPU
	EndGlobalSection
	GlobalSection(SolutionProperties) = preSolution
		HideSolutionNode = FALSE
	EndGlobalSection
	GlobalSection(NestedProjects) = preSolution
		{396690CF-1497-44F6-9BC0-E499C8C9A7F7} = {B13D282D-3AA1-4703-951C-3C82421E681A}
		{B4A20E28-B296-435A-A251-55D6F48B7A49} = {B13D282D-3AA1-4703-951C-3C82421E681A}
		{6AAF61F1-4274-4AAE-8699-EF1F139647AB} = {B13D282D-3AA1-4703-951C-3C82421E681A}
		{FA0E41CD-5F7D-4253-8F8E-60753F4161BD} = {B13D282D-3AA1-4703-951C-3C82421E681A}
		{9C066386-396D-4652-A127-2CE0241403EE} = {B13D282D-3AA1-4703-951C-3C82421E681A}
	EndGlobalSection
	GlobalSection(ExtensibilityGlobals) = postSolution
		SolutionGuid = {DBB0DDB7-5F85-4AAF-8D87-61824D837E90}
	EndGlobalSection
EndGlobal
